// !$*UTF8*$!
{
	archiveVersion = 1;
	classes = {
	};
	objectVersion = 46;
	objects = {

/* Begin PBXBuildFile section */
		AE4E685D1B00F17000F455B4 /* PromotionService.swift in Sources */ = {isa = PBXBuildFile; fileRef = AE4E685C1B00F17000F455B4 /* PromotionService.swift */; };
		AE5C98771AEDB8A6008593F5 /* AppDelegate.swift in Sources */ = {isa = PBXBuildFile; fileRef = AE5C98761AEDB8A6008593F5 /* AppDelegate.swift */; };
		AE5C987A1AEDB8A6008593F5 /* radiostreaming.xcdatamodeld in Sources */ = {isa = PBXBuildFile; fileRef = AE5C98781AEDB8A6008593F5 /* radiostreaming.xcdatamodeld */; };
		AE5C987C1AEDB8A6008593F5 /* ViewController.swift in Sources */ = {isa = PBXBuildFile; fileRef = AE5C987B1AEDB8A6008593F5 /* ViewController.swift */; };
		AE5C987F1AEDB8A6008593F5 /* Main.storyboard in Resources */ = {isa = PBXBuildFile; fileRef = AE5C987D1AEDB8A6008593F5 /* Main.storyboard */; };
		AE5C98811AEDB8A6008593F5 /* Images.xcassets in Resources */ = {isa = PBXBuildFile; fileRef = AE5C98801AEDB8A6008593F5 /* Images.xcassets */; };
		AE5C98841AEDB8A6008593F5 /* LaunchScreen.xib in Resources */ = {isa = PBXBuildFile; fileRef = AE5C98821AEDB8A6008593F5 /* LaunchScreen.xib */; };
		AE5C98901AEDB8A6008593F5 /* radiostreamingTests.swift in Sources */ = {isa = PBXBuildFile; fileRef = AE5C988F1AEDB8A6008593F5 /* radiostreamingTests.swift */; };
		AE5C989B1AEED8FC008593F5 /* PlayerService.swift in Sources */ = {isa = PBXBuildFile; fileRef = AE5C989A1AEED8FC008593F5 /* PlayerService.swift */; };
		AE5DFED71AEFD88B00A32EB1 /* radiostreaming_0000_background.png in Resources */ = {isa = PBXBuildFile; fileRef = AE5DFECE1AEFD88B00A32EB1 /* radiostreaming_0000_background.png */; };
		AE5DFED81AEFD88B00A32EB1 /* radiostreaming_0000s_0000_youtube.png in Resources */ = {isa = PBXBuildFile; fileRef = AE5DFECF1AEFD88B00A32EB1 /* radiostreaming_0000s_0000_youtube.png */; };
		AE5DFED91AEFD88B00A32EB1 /* radiostreaming_0000s_0001_facebook.png in Resources */ = {isa = PBXBuildFile; fileRef = AE5DFED01AEFD88B00A32EB1 /* radiostreaming_0000s_0001_facebook.png */; };
		AE5DFEDA1AEFD88B00A32EB1 /* radiostreaming_0000s_0002_twitter.png in Resources */ = {isa = PBXBuildFile; fileRef = AE5DFED11AEFD88B00A32EB1 /* radiostreaming_0000s_0002_twitter.png */; };
		AE5DFEDB1AEFD88B00A32EB1 /* radiostreaming_0000s_0003_instagram.png in Resources */ = {isa = PBXBuildFile; fileRef = AE5DFED21AEFD88B00A32EB1 /* radiostreaming_0000s_0003_instagram.png */; };
		AE5DFEDC1AEFD88B00A32EB1 /* radiostreaming_0001s_0000_EN-CRISTO-PODEMOS!.png in Resources */ = {isa = PBXBuildFile; fileRef = AE5DFED31AEFD88B00A32EB1 /* radiostreaming_0001s_0000_EN-CRISTO-PODEMOS!.png */; };
		AE5DFEDD1AEFD88B00A32EB1 /* radiostreaming_0001s_0001_RADIO-PROEZAS.png in Resources */ = {isa = PBXBuildFile; fileRef = AE5DFED41AEFD88B00A32EB1 /* radiostreaming_0001s_0001_RADIO-PROEZAS.png */; };
		AE5DFEDE1AEFD88B00A32EB1 /* radiostreaming_0002s_0000_stop.png in Resources */ = {isa = PBXBuildFile; fileRef = AE5DFED51AEFD88B00A32EB1 /* radiostreaming_0002s_0000_stop.png */; };
		AE5DFEDF1AEFD88B00A32EB1 /* radiostreaming_0002s_0001_play.png in Resources */ = {isa = PBXBuildFile; fileRef = AE5DFED61AEFD88B00A32EB1 /* radiostreaming_0002s_0001_play.png */; };
		AE82B55C1B00233400BDFB76 /* DataProvider.swift in Sources */ = {isa = PBXBuildFile; fileRef = AE82B55B1B00233400BDFB76 /* DataProvider.swift */; };
		AE9591D91AFD1E30003CD36E /* OAuthService.swift in Sources */ = {isa = PBXBuildFile; fileRef = AE9591D81AFD1E30003CD36E /* OAuthService.swift */; };
		AE9591DB1AFD25C3003CD36E /* EventsController.swift in Sources */ = {isa = PBXBuildFile; fileRef = AE9591DA1AFD25C3003CD36E /* EventsController.swift */; };
		AE9591DD1AFD3A2D003CD36E /* EventsCells.swift in Sources */ = {isa = PBXBuildFile; fileRef = AE9591DC1AFD3A2D003CD36E /* EventsCells.swift */; };
		AEAA285D1AF02F4900332C75 /* radiostreaming_0000_promo1.png in Resources */ = {isa = PBXBuildFile; fileRef = AEAA285C1AF02F4900332C75 /* radiostreaming_0000_promo1.png */; };
/* End PBXBuildFile section */

/* Begin PBXContainerItemProxy section */
		AE5C988A1AEDB8A6008593F5 /* PBXContainerItemProxy */ = {
			isa = PBXContainerItemProxy;
			containerPortal = AE5C98691AEDB8A6008593F5 /* Project object */;
			proxyType = 1;
			remoteGlobalIDString = AE5C98701AEDB8A6008593F5;
			remoteInfo = radiostreaming;
		};
/* End PBXContainerItemProxy section */

/* Begin PBXFileReference section */
		AE4E685C1B00F17000F455B4 /* PromotionService.swift */ = {isa = PBXFileReference; fileEncoding = 4; lastKnownFileType = sourcecode.swift; path = PromotionService.swift; sourceTree = "<group>"; };
		AE5C98711AEDB8A6008593F5 /* radiostreaming.app */ = {isa = PBXFileReference; explicitFileType = wrapper.application; includeInIndex = 0; path = radiostreaming.app; sourceTree = BUILT_PRODUCTS_DIR; };
		AE5C98751AEDB8A6008593F5 /* Info.plist */ = {isa = PBXFileReference; lastKnownFileType = text.plist.xml; path = Info.plist; sourceTree = "<group>"; };
		AE5C98761AEDB8A6008593F5 /* AppDelegate.swift */ = {isa = PBXFileReference; lastKnownFileType = sourcecode.swift; path = AppDelegate.swift; sourceTree = "<group>"; };
		AE5C98791AEDB8A6008593F5 /* radiostreaming.xcdatamodel */ = {isa = PBXFileReference; lastKnownFileType = wrapper.xcdatamodel; path = radiostreaming.xcdatamodel; sourceTree = "<group>"; };
		AE5C987B1AEDB8A6008593F5 /* ViewController.swift */ = {isa = PBXFileReference; lastKnownFileType = sourcecode.swift; path = ViewController.swift; sourceTree = "<group>"; };
		AE5C987E1AEDB8A6008593F5 /* Base */ = {isa = PBXFileReference; lastKnownFileType = file.storyboard; name = Base; path = Base.lproj/Main.storyboard; sourceTree = "<group>"; };
		AE5C98801AEDB8A6008593F5 /* Images.xcassets */ = {isa = PBXFileReference; lastKnownFileType = folder.assetcatalog; path = Images.xcassets; sourceTree = "<group>"; };
		AE5C98831AEDB8A6008593F5 /* Base */ = {isa = PBXFileReference; lastKnownFileType = file.xib; name = Base; path = Base.lproj/LaunchScreen.xib; sourceTree = "<group>"; };
		AE5C98891AEDB8A6008593F5 /* radiostreamingTests.xctest */ = {isa = PBXFileReference; explicitFileType = wrapper.cfbundle; includeInIndex = 0; path = radiostreamingTests.xctest; sourceTree = BUILT_PRODUCTS_DIR; };
		AE5C988E1AEDB8A6008593F5 /* Info.plist */ = {isa = PBXFileReference; lastKnownFileType = text.plist.xml; path = Info.plist; sourceTree = "<group>"; };
		AE5C988F1AEDB8A6008593F5 /* radiostreamingTests.swift */ = {isa = PBXFileReference; lastKnownFileType = sourcecode.swift; path = radiostreamingTests.swift; sourceTree = "<group>"; };
		AE5C989A1AEED8FC008593F5 /* PlayerService.swift */ = {isa = PBXFileReference; fileEncoding = 4; lastKnownFileType = sourcecode.swift; path = PlayerService.swift; sourceTree = "<group>"; };
		AE5DFECE1AEFD88B00A32EB1 /* radiostreaming_0000_background.png */ = {isa = PBXFileReference; lastKnownFileType = image.png; path = radiostreaming_0000_background.png; sourceTree = "<group>"; };
		AE5DFECF1AEFD88B00A32EB1 /* radiostreaming_0000s_0000_youtube.png */ = {isa = PBXFileReference; lastKnownFileType = image.png; path = radiostreaming_0000s_0000_youtube.png; sourceTree = "<group>"; };
		AE5DFED01AEFD88B00A32EB1 /* radiostreaming_0000s_0001_facebook.png */ = {isa = PBXFileReference; lastKnownFileType = image.png; path = radiostreaming_0000s_0001_facebook.png; sourceTree = "<group>"; };
		AE5DFED11AEFD88B00A32EB1 /* radiostreaming_0000s_0002_twitter.png */ = {isa = PBXFileReference; lastKnownFileType = image.png; path = radiostreaming_0000s_0002_twitter.png; sourceTree = "<group>"; };
		AE5DFED21AEFD88B00A32EB1 /* radiostreaming_0000s_0003_instagram.png */ = {isa = PBXFileReference; lastKnownFileType = image.png; path = radiostreaming_0000s_0003_instagram.png; sourceTree = "<group>"; };
		AE5DFED31AEFD88B00A32EB1 /* radiostreaming_0001s_0000_EN-CRISTO-PODEMOS!.png */ = {isa = PBXFileReference; lastKnownFileType = image.png; path = "radiostreaming_0001s_0000_EN-CRISTO-PODEMOS!.png"; sourceTree = "<group>"; };
		AE5DFED41AEFD88B00A32EB1 /* radiostreaming_0001s_0001_RADIO-PROEZAS.png */ = {isa = PBXFileReference; lastKnownFileType = image.png; path = "radiostreaming_0001s_0001_RADIO-PROEZAS.png"; sourceTree = "<group>"; };
		AE5DFED51AEFD88B00A32EB1 /* radiostreaming_0002s_0000_stop.png */ = {isa = PBXFileReference; lastKnownFileType = image.png; path = radiostreaming_0002s_0000_stop.png; sourceTree = "<group>"; };
		AE5DFED61AEFD88B00A32EB1 /* radiostreaming_0002s_0001_play.png */ = {isa = PBXFileReference; lastKnownFileType = image.png; path = radiostreaming_0002s_0001_play.png; sourceTree = "<group>"; };
		AE82B55B1B00233400BDFB76 /* DataProvider.swift */ = {isa = PBXFileReference; fileEncoding = 4; lastKnownFileType = sourcecode.swift; path = DataProvider.swift; sourceTree = "<group>"; };
		AE9591D81AFD1E30003CD36E /* OAuthService.swift */ = {isa = PBXFileReference; fileEncoding = 4; lastKnownFileType = sourcecode.swift; path = OAuthService.swift; sourceTree = "<group>"; };
		AE9591DA1AFD25C3003CD36E /* EventsController.swift */ = {isa = PBXFileReference; fileEncoding = 4; lastKnownFileType = sourcecode.swift; path = EventsController.swift; sourceTree = "<group>"; };
		AE9591DC1AFD3A2D003CD36E /* EventsCells.swift */ = {isa = PBXFileReference; fileEncoding = 4; lastKnownFileType = sourcecode.swift; path = EventsCells.swift; sourceTree = "<group>"; };
		AEAA285C1AF02F4900332C75 /* radiostreaming_0000_promo1.png */ = {isa = PBXFileReference; lastKnownFileType = image.png; path = radiostreaming_0000_promo1.png; sourceTree = "<group>"; };
/* End PBXFileReference section */

/* Begin PBXFrameworksBuildPhase section */
		AE5C986E1AEDB8A6008593F5 /* Frameworks */ = {
			isa = PBXFrameworksBuildPhase;
			buildActionMask = 2147483647;
			files = (
			);
			runOnlyForDeploymentPostprocessing = 0;
		};
		AE5C98861AEDB8A6008593F5 /* Frameworks */ = {
			isa = PBXFrameworksBuildPhase;
			buildActionMask = 2147483647;
			files = (
			);
			runOnlyForDeploymentPostprocessing = 0;
		};
/* End PBXFrameworksBuildPhase section */

/* Begin PBXGroup section */
		AE5C98681AEDB8A6008593F5 = {
			isa = PBXGroup;
			children = (
				AE5C98731AEDB8A6008593F5 /* radiostreaming */,
				AE5C988C1AEDB8A6008593F5 /* radiostreamingTests */,
				AE5C98721AEDB8A6008593F5 /* Products */,
				AE5C98741AEDB8A6008593F5 /* Supporting Files */,
			);
			sourceTree = "<group>";
		};
		AE5C98721AEDB8A6008593F5 /* Products */ = {
			isa = PBXGroup;
			children = (
				AE5C98711AEDB8A6008593F5 /* radiostreaming.app */,
				AE5C98891AEDB8A6008593F5 /* radiostreamingTests.xctest */,
			);
			name = Products;
			sourceTree = "<group>";
		};
		AE5C98731AEDB8A6008593F5 /* radiostreaming */ = {
			isa = PBXGroup;
			children = (
				AE5C98991AEED8E3008593F5 /* services */,
				AE5C98761AEDB8A6008593F5 /* AppDelegate.swift */,
				AE5C987B1AEDB8A6008593F5 /* ViewController.swift */,
				AE9591DA1AFD25C3003CD36E /* EventsController.swift */,
				AE5C987D1AEDB8A6008593F5 /* Main.storyboard */,
				AE5C98801AEDB8A6008593F5 /* Images.xcassets */,
				AE5C98821AEDB8A6008593F5 /* LaunchScreen.xib */,
				AE5C98781AEDB8A6008593F5 /* radiostreaming.xcdatamodeld */,
				AE9591DC1AFD3A2D003CD36E /* EventsCells.swift */,
			);
			path = radiostreaming;
			sourceTree = "<group>";
		};
		AE5C98741AEDB8A6008593F5 /* Supporting Files */ = {
			isa = PBXGroup;
			children = (
				AE5DFECE1AEFD88B00A32EB1 /* radiostreaming_0000_background.png */,
				AE5DFECF1AEFD88B00A32EB1 /* radiostreaming_0000s_0000_youtube.png */,
				AEAA285C1AF02F4900332C75 /* radiostreaming_0000_promo1.png */,
				AE5DFED01AEFD88B00A32EB1 /* radiostreaming_0000s_0001_facebook.png */,
				AE5DFED11AEFD88B00A32EB1 /* radiostreaming_0000s_0002_twitter.png */,
				AE5DFED21AEFD88B00A32EB1 /* radiostreaming_0000s_0003_instagram.png */,
				AE5DFED31AEFD88B00A32EB1 /* radiostreaming_0001s_0000_EN-CRISTO-PODEMOS!.png */,
				AE5DFED41AEFD88B00A32EB1 /* radiostreaming_0001s_0001_RADIO-PROEZAS.png */,
				AE5DFED51AEFD88B00A32EB1 /* radiostreaming_0002s_0000_stop.png */,
				AE5DFED61AEFD88B00A32EB1 /* radiostreaming_0002s_0001_play.png */,
				AE5C98751AEDB8A6008593F5 /* Info.plist */,
			);
			name = "Supporting Files";
			path = radiostreaming;
			sourceTree = "<group>";
		};
		AE5C988C1AEDB8A6008593F5 /* radiostreamingTests */ = {
			isa = PBXGroup;
			children = (
				AE5C988F1AEDB8A6008593F5 /* radiostreamingTests.swift */,
				AE5C988D1AEDB8A6008593F5 /* Supporting Files */,
			);
			path = radiostreamingTests;
			sourceTree = "<group>";
		};
		AE5C988D1AEDB8A6008593F5 /* Supporting Files */ = {
			isa = PBXGroup;
			children = (
				AE5C988E1AEDB8A6008593F5 /* Info.plist */,
			);
			name = "Supporting Files";
			sourceTree = "<group>";
		};
		AE5C98991AEED8E3008593F5 /* services */ = {
			isa = PBXGroup;
			children = (
				AE5C989A1AEED8FC008593F5 /* PlayerService.swift */,
				AE9591D81AFD1E30003CD36E /* OAuthService.swift */,
				AE82B55B1B00233400BDFB76 /* DataProvider.swift */,
				AE4E685C1B00F17000F455B4 /* PromotionService.swift */,
			);
			name = services;
			sourceTree = "<group>";
		};
/* End PBXGroup section */

/* Begin PBXNativeTarget section */
		AE5C98701AEDB8A6008593F5 /* radiostreaming */ = {
			isa = PBXNativeTarget;
			buildConfigurationList = AE5C98931AEDB8A6008593F5 /* Build configuration list for PBXNativeTarget "radiostreaming" */;
			buildPhases = (
				AE5C986D1AEDB8A6008593F5 /* Sources */,
				AE5C986E1AEDB8A6008593F5 /* Frameworks */,
				AE5C986F1AEDB8A6008593F5 /* Resources */,
			);
			buildRules = (
			);
			dependencies = (
			);
			name = radiostreaming;
			productName = radiostreaming;
			productReference = AE5C98711AEDB8A6008593F5 /* radiostreaming.app */;
			productType = "com.apple.product-type.application";
		};
		AE5C98881AEDB8A6008593F5 /* radiostreamingTests */ = {
			isa = PBXNativeTarget;
			buildConfigurationList = AE5C98961AEDB8A6008593F5 /* Build configuration list for PBXNativeTarget "radiostreamingTests" */;
			buildPhases = (
				AE5C98851AEDB8A6008593F5 /* Sources */,
				AE5C98861AEDB8A6008593F5 /* Frameworks */,
				AE5C98871AEDB8A6008593F5 /* Resources */,
			);
			buildRules = (
			);
			dependencies = (
				AE5C988B1AEDB8A6008593F5 /* PBXTargetDependency */,
			);
			name = radiostreamingTests;
			productName = radiostreamingTests;
			productReference = AE5C98891AEDB8A6008593F5 /* radiostreamingTests.xctest */;
			productType = "com.apple.product-type.bundle.unit-test";
		};
/* End PBXNativeTarget section */

/* Begin PBXProject section */
		AE5C98691AEDB8A6008593F5 /* Project object */ = {
			isa = PBXProject;
			attributes = {
				LastUpgradeCheck = 0630;
				ORGANIZATIONNAME = capitalofcode;
				TargetAttributes = {
					AE5C98701AEDB8A6008593F5 = {
						CreatedOnToolsVersion = 6.3.1;
					};
					AE5C98881AEDB8A6008593F5 = {
						CreatedOnToolsVersion = 6.3.1;
						TestTargetID = AE5C98701AEDB8A6008593F5;
					};
				};
			};
			buildConfigurationList = AE5C986C1AEDB8A6008593F5 /* Build configuration list for PBXProject "radiostreaming" */;
			compatibilityVersion = "Xcode 3.2";
			developmentRegion = English;
			hasScannedForEncodings = 0;
			knownRegions = (
				en,
				Base,
			);
			mainGroup = AE5C98681AEDB8A6008593F5;
			productRefGroup = AE5C98721AEDB8A6008593F5 /* Products */;
			projectDirPath = "";
			projectRoot = "";
			targets = (
				AE5C98701AEDB8A6008593F5 /* radiostreaming */,
				AE5C98881AEDB8A6008593F5 /* radiostreamingTests */,
			);
		};
/* End PBXProject section */

/* Begin PBXResourcesBuildPhase section */
		AE5C986F1AEDB8A6008593F5 /* Resources */ = {
			isa = PBXResourcesBuildPhase;
			buildActionMask = 2147483647;
			files = (
				AEAA285D1AF02F4900332C75 /* radiostreaming_0000_promo1.png in Resources */,
				AE5DFED71AEFD88B00A32EB1 /* radiostreaming_0000_background.png in Resources */,
				AE5DFED81AEFD88B00A32EB1 /* radiostreaming_0000s_0000_youtube.png in Resources */,
				AE5DFEDE1AEFD88B00A32EB1 /* radiostreaming_0002s_0000_stop.png in Resources */,
				AE5DFEDF1AEFD88B00A32EB1 /* radiostreaming_0002s_0001_play.png in Resources */,
				AE5C987F1AEDB8A6008593F5 /* Main.storyboard in Resources */,
				AE5DFED91AEFD88B00A32EB1 /* radiostreaming_0000s_0001_facebook.png in Resources */,
				AE5DFEDC1AEFD88B00A32EB1 /* radiostreaming_0001s_0000_EN-CRISTO-PODEMOS!.png in Resources */,
				AE5DFEDB1AEFD88B00A32EB1 /* radiostreaming_0000s_0003_instagram.png in Resources */,
				AE5C98841AEDB8A6008593F5 /* LaunchScreen.xib in Resources */,
				AE5DFEDA1AEFD88B00A32EB1 /* radiostreaming_0000s_0002_twitter.png in Resources */,
				AE5C98811AEDB8A6008593F5 /* Images.xcassets in Resources */,
				AE5DFEDD1AEFD88B00A32EB1 /* radiostreaming_0001s_0001_RADIO-PROEZAS.png in Resources */,
			);
			runOnlyForDeploymentPostprocessing = 0;
		};
		AE5C98871AEDB8A6008593F5 /* Resources */ = {
			isa = PBXResourcesBuildPhase;
			buildActionMask = 2147483647;
			files = (
			);
			runOnlyForDeploymentPostprocessing = 0;
		};
/* End PBXResourcesBuildPhase section */

/* Begin PBXSourcesBuildPhase section */
		AE5C986D1AEDB8A6008593F5 /* Sources */ = {
			isa = PBXSourcesBuildPhase;
			buildActionMask = 2147483647;
			files = (
				AE9591DB1AFD25C3003CD36E /* EventsController.swift in Sources */,
				AE5C989B1AEED8FC008593F5 /* PlayerService.swift in Sources */,
				AE82B55C1B00233400BDFB76 /* DataProvider.swift in Sources */,
				AE5C987C1AEDB8A6008593F5 /* ViewController.swift in Sources */,
				AE9591DD1AFD3A2D003CD36E /* EventsCells.swift in Sources */,
				AE9591D91AFD1E30003CD36E /* OAuthService.swift in Sources */,
				AE4E685D1B00F17000F455B4 /* PromotionService.swift in Sources */,
				AE5C987A1AEDB8A6008593F5 /* radiostreaming.xcdatamodeld in Sources */,
				AE5C98771AEDB8A6008593F5 /* AppDelegate.swift in Sources */,
			);
			runOnlyForDeploymentPostprocessing = 0;
		};
		AE5C98851AEDB8A6008593F5 /* Sources */ = {
			isa = PBXSourcesBuildPhase;
			buildActionMask = 2147483647;
			files = (
				AE5C98901AEDB8A6008593F5 /* radiostreamingTests.swift in Sources */,
			);
			runOnlyForDeploymentPostprocessing = 0;
		};
/* End PBXSourcesBuildPhase section */

/* Begin PBXTargetDependency section */
		AE5C988B1AEDB8A6008593F5 /* PBXTargetDependency */ = {
			isa = PBXTargetDependency;
			target = AE5C98701AEDB8A6008593F5 /* radiostreaming */;
			targetProxy = AE5C988A1AEDB8A6008593F5 /* PBXContainerItemProxy */;
		};
/* End PBXTargetDependency section */

/* Begin PBXVariantGroup section */
		AE5C987D1AEDB8A6008593F5 /* Main.storyboard */ = {
			isa = PBXVariantGroup;
			children = (
				AE5C987E1AEDB8A6008593F5 /* Base */,
			);
			name = Main.storyboard;
			sourceTree = "<group>";
		};
		AE5C98821AEDB8A6008593F5 /* LaunchScreen.xib */ = {
			isa = PBXVariantGroup;
			children = (
				AE5C98831AEDB8A6008593F5 /* Base */,
			);
			name = LaunchScreen.xib;
			sourceTree = "<group>";
		};
/* End PBXVariantGroup section */

/* Begin XCBuildConfiguration section */
		AE5C98911AEDB8A6008593F5 /* Debug */ = {
			isa = XCBuildConfiguration;
			buildSettings = {
				ALWAYS_SEARCH_USER_PATHS = NO;
				CLANG_CXX_LANGUAGE_STANDARD = "gnu++0x";
				CLANG_CXX_LIBRARY = "libc++";
				CLANG_ENABLE_MODULES = YES;
				CLANG_ENABLE_OBJC_ARC = YES;
				CLANG_WARN_BOOL_CONVERSION = YES;
				CLANG_WARN_CONSTANT_CONVERSION = YES;
				CLANG_WARN_DIRECT_OBJC_ISA_USAGE = YES_ERROR;
				CLANG_WARN_EMPTY_BODY = YES;
				CLANG_WARN_ENUM_CONVERSION = YES;
				CLANG_WARN_INT_CONVERSION = YES;
				CLANG_WARN_OBJC_ROOT_CLASS = YES_ERROR;
				CLANG_WARN_UNREACHABLE_CODE = YES;
				CLANG_WARN__DUPLICATE_METHOD_MATCH = YES;
				"CODE_SIGN_IDENTITY[sdk=iphoneos*]" = "iPhone Developer";
				COPY_PHASE_STRIP = NO;
				DEBUG_INFORMATION_FORMAT = "dwarf-with-dsym";
				ENABLE_STRICT_OBJC_MSGSEND = YES;
				GCC_C_LANGUAGE_STANDARD = gnu99;
				GCC_DYNAMIC_NO_PIC = NO;
				GCC_NO_COMMON_BLOCKS = YES;
				GCC_OPTIMIZATION_LEVEL = 0;
				GCC_PREPROCESSOR_DEFINITIONS = (
					"DEBUG=1",
					"$(inherited)",
				);
				GCC_SYMBOLS_PRIVATE_EXTERN = NO;
				GCC_WARN_64_TO_32_BIT_CONVERSION = YES;
				GCC_WARN_ABOUT_RETURN_TYPE = YES_ERROR;
				GCC_WARN_UNDECLARED_SELECTOR = YES;
				GCC_WARN_UNINITIALIZED_AUTOS = YES_AGGRESSIVE;
				GCC_WARN_UNUSED_FUNCTION = YES;
				GCC_WARN_UNUSED_VARIABLE = YES;
				IPHONEOS_DEPLOYMENT_TARGET = 8.3;
				MTL_ENABLE_DEBUG_INFO = YES;
				ONLY_ACTIVE_ARCH = YES;
				SDKROOT = iphoneos;
				SWIFT_OPTIMIZATION_LEVEL = "-Onone";
			};
			name = Debug;
		};
		AE5C98921AEDB8A6008593F5 /* Release */ = {
			isa = XCBuildConfiguration;
			buildSettings = {
				ALWAYS_SEARCH_USER_PATHS = NO;
				CLANG_CXX_LANGUAGE_STANDARD = "gnu++0x";
				CLANG_CXX_LIBRARY = "libc++";
				CLANG_ENABLE_MODULES = YES;
				CLANG_ENABLE_OBJC_ARC = YES;
				CLANG_WARN_BOOL_CONVERSION = YES;
				CLANG_WARN_CONSTANT_CONVERSION = YES;
				CLANG_WARN_DIRECT_OBJC_ISA_USAGE = YES_ERROR;
				CLANG_WARN_EMPTY_BODY = YES;
				CLANG_WARN_ENUM_CONVERSION = YES;
				CLANG_WARN_INT_CONVERSION = YES;
				CLANG_WARN_OBJC_ROOT_CLASS = YES_ERROR;
				CLANG_WARN_UNREACHABLE_CODE = YES;
				CLANG_WARN__DUPLICATE_METHOD_MATCH = YES;
				"CODE_SIGN_IDENTITY[sdk=iphoneos*]" = "iPhone Developer";
				COPY_PHASE_STRIP = NO;
				DEBUG_INFORMATION_FORMAT = "dwarf-with-dsym";
				ENABLE_NS_ASSERTIONS = NO;
				ENABLE_STRICT_OBJC_MSGSEND = YES;
				GCC_C_LANGUAGE_STANDARD = gnu99;
				GCC_NO_COMMON_BLOCKS = YES;
				GCC_WARN_64_TO_32_BIT_CONVERSION = YES;
				GCC_WARN_ABOUT_RETURN_TYPE = YES_ERROR;
				GCC_WARN_UNDECLARED_SELECTOR = YES;
				GCC_WARN_UNINITIALIZED_AUTOS = YES_AGGRESSIVE;
				GCC_WARN_UNUSED_FUNCTION = YES;
				GCC_WARN_UNUSED_VARIABLE = YES;
				IPHONEOS_DEPLOYMENT_TARGET = 8.3;
				MTL_ENABLE_DEBUG_INFO = NO;
				SDKROOT = iphoneos;
				VALIDATE_PRODUCT = YES;
			};
			name = Release;
		};
		AE5C98941AEDB8A6008593F5 /* Debug */ = {
			isa = XCBuildConfiguration;
			buildSettings = {
				ASSETCATALOG_COMPILER_APPICON_NAME = AppIcon;
				INFOPLIST_FILE = radiostreaming/Info.plist;
				LD_RUNPATH_SEARCH_PATHS = "$(inherited) @executable_path/Frameworks";
				PRODUCT_NAME = "$(TARGET_NAME)";
			};
			name = Debug;
		};
		AE5C98951AEDB8A6008593F5 /* Release */ = {
			isa = XCBuildConfiguration;
			buildSettings = {
				ASSETCATALOG_COMPILER_APPICON_NAME = AppIcon;
				INFOPLIST_FILE = radiostreaming/Info.plist;
				LD_RUNPATH_SEARCH_PATHS = "$(inherited) @executable_path/Frameworks";
				PRODUCT_NAME = "$(TARGET_NAME)";
			};
			name = Release;
		};
		AE5C98971AEDB8A6008593F5 /* Debug */ = {
			isa = XCBuildConfiguration;
			buildSettings = {
				BUNDLE_LOADER = "$(TEST_HOST)";
				FRAMEWORK_SEARCH_PATHS = (
					"$(SDKROOT)/Developer/Library/Frameworks",
					"$(inherited)",
				);
				GCC_PREPROCESSOR_DEFINITIONS = (
					"DEBUG=1",
					"$(inherited)",
				);
				INFOPLIST_FILE = radiostreamingTests/Info.plist;
				LD_RUNPATH_SEARCH_PATHS = "$(inherited) @executable_path/Frameworks @loader_path/Frameworks";
				PRODUCT_NAME = "$(TARGET_NAME)";
				TEST_HOST = "$(BUILT_PRODUCTS_DIR)/radiostreaming.app/radiostreaming";
			};
			name = Debug;
		};
		AE5C98981AEDB8A6008593F5 /* Release */ = {
			isa = XCBuildConfiguration;
			buildSettings = {
				BUNDLE_LOADER = "$(TEST_HOST)";
				FRAMEWORK_SEARCH_PATHS = (
					"$(SDKROOT)/Developer/Library/Frameworks",
					"$(inherited)",
				);
				INFOPLIST_FILE = radiostreamingTests/Info.plist;
				LD_RUNPATH_SEARCH_PATHS = "$(inherited) @executable_path/Frameworks @loader_path/Frameworks";
				PRODUCT_NAME = "$(TARGET_NAME)";
				TEST_HOST = "$(BUILT_PRODUCTS_DIR)/radiostreaming.app/radiostreaming";
			};
			name = Release;
		};
/* End XCBuildConfiguration section */

/* Begin XCConfigurationList section */
		AE5C986C1AEDB8A6008593F5 /* Build configuration list for PBXProject "radiostreaming" */ = {
			isa = XCConfigurationList;
			buildConfigurations = (
				AE5C98911AEDB8A6008593F5 /* Debug */,
				AE5C98921AEDB8A6008593F5 /* Release */,
			);
			defaultConfigurationIsVisible = 0;
			defaultConfigurationName = Release;
		};
		AE5C98931AEDB8A6008593F5 /* Build configuration list for PBXNativeTarget "radiostreaming" */ = {
			isa = XCConfigurationList;
			buildConfigurations = (
				AE5C98941AEDB8A6008593F5 /* Debug */,
				AE5C98951AEDB8A6008593F5 /* Release */,
			);
			defaultConfigurationIsVisible = 0;
			defaultConfigurationName = Release;
		};
		AE5C98961AEDB8A6008593F5 /* Build configuration list for PBXNativeTarget "radiostreamingTests" */ = {
			isa = XCConfigurationList;
			buildConfigurations = (
				AE5C98971AEDB8A6008593F5 /* Debug */,
				AE5C98981AEDB8A6008593F5 /* Release */,
			);
			defaultConfigurationIsVisible = 0;
			defaultConfigurationName = Release;
		};
/* End XCConfigurationList section */

/* Begin XCVersionGroup section */
		AE5C98781AEDB8A6008593F5 /* radiostreaming.xcdatamodeld */ = {
			isa = XCVersionGroup;
			children = (
				AE5C98791AEDB8A6008593F5 /* radiostreaming.xcdatamodel */,
			);
			currentVersion = AE5C98791AEDB8A6008593F5 /* radiostreaming.xcdatamodel */;
			path = radiostreaming.xcdatamodeld;
			sourceTree = "<group>";
			versionGroupType = wrapper.xcdatamodel;
		};
/* End XCVersionGroup section */
	};
	rootObject = AE5C98691AEDB8A6008593F5 /* Project object */;
}
