// !$*UTF8*$!
{
	archiveVersion = 1;
	classes = {
	};
	objectVersion = 46;
	objects = {

/* Begin PBXBuildFile section */
		AE385CEA1B125E0000A921EE /* Reachability.m in Sources */ = {isa = PBXBuildFile; fileRef = AE385CE91B125E0000A921EE /* Reachability.m */; };
		AE4E685D1B00F17000F455B4 /* PromotionService.swift in Sources */ = {isa = PBXBuildFile; fileRef = AE4E685C1B00F17000F455B4 /* PromotionService.swift */; };
		AE5528D41B06E206001D9D0C /* radiostreaming_0009_color-blurry-background.png in Resources */ = {isa = PBXBuildFile; fileRef = AE5528D31B06E206001D9D0C /* radiostreaming_0009_color-blurry-background.png */; };
		AE5528D61B06E8F9001D9D0C /* radiostreaming_0007_Ellipse-1-copy.png in Resources */ = {isa = PBXBuildFile; fileRef = AE5528D51B06E8F9001D9D0C /* radiostreaming_0007_Ellipse-1-copy.png */; };
		AE5528D81B07809F001D9D0C /* radiostreaming_0010_Rectangle-1.png in Resources */ = {isa = PBXBuildFile; fileRef = AE5528D71B07809F001D9D0C /* radiostreaming_0010_Rectangle-1.png */; };
		AE5528DA1B07814E001D9D0C /* radiostreaming_0013_bg-darken.png in Resources */ = {isa = PBXBuildFile; fileRef = AE5528D91B07814E001D9D0C /* radiostreaming_0013_bg-darken.png */; };
		AE5528DC1B07824D001D9D0C /* radiostreaming_0002_EVENTS.png in Resources */ = {isa = PBXBuildFile; fileRef = AE5528DB1B07824D001D9D0C /* radiostreaming_0002_EVENTS.png */; };
		AE5528DE1B078270001D9D0C /* radiostreaming_0003_today-32.png in Resources */ = {isa = PBXBuildFile; fileRef = AE5528DD1B078270001D9D0C /* radiostreaming_0003_today-32.png */; };
		AE5528E01B078679001D9D0C /* radiostreaming_0008_Ellipse-1.png in Resources */ = {isa = PBXBuildFile; fileRef = AE5528DF1B078679001D9D0C /* radiostreaming_0008_Ellipse-1.png */; };
		AE5528E21B078DB8001D9D0C /* radiostreaming_0021_Rounded-Rectangle-1.png in Resources */ = {isa = PBXBuildFile; fileRef = AE5528E11B078DB8001D9D0C /* radiostreaming_0021_Rounded-Rectangle-1.png */; };
		AE5528E41B0791C7001D9D0C /* radiostreaming_0018_Shape-1.png in Resources */ = {isa = PBXBuildFile; fileRef = AE5528E31B0791C7001D9D0C /* radiostreaming_0018_Shape-1.png */; };
		AE5528E61B079546001D9D0C /* back-32.png in Resources */ = {isa = PBXBuildFile; fileRef = AE5528E51B079546001D9D0C /* back-32.png */; };
		AE5528E81B07AC8F001D9D0C /* RadioService.swift in Sources */ = {isa = PBXBuildFile; fileRef = AE5528E71B07AC8F001D9D0C /* RadioService.swift */; };
		AE5528EA1B091D99001D9D0C /* introController.swift in Sources */ = {isa = PBXBuildFile; fileRef = AE5528E91B091D99001D9D0C /* introController.swift */; };
		AE5528EC1B093722001D9D0C /* DataProviderContract.swift in Sources */ = {isa = PBXBuildFile; fileRef = AE5528EB1B093722001D9D0C /* DataProviderContract.swift */; };
		AE5528FF1B0BF12F001D9D0C /* radiostreaming_0000s_0000_Rectangle-5-copy.png in Resources */ = {isa = PBXBuildFile; fileRef = AE5528EF1B0BF12F001D9D0C /* radiostreaming_0000s_0000_Rectangle-5-copy.png */; };
		AE5529001B0BF12F001D9D0C /* radiostreaming_0000s_0001_Ellipse-1-copy.png in Resources */ = {isa = PBXBuildFile; fileRef = AE5528F01B0BF12F001D9D0C /* radiostreaming_0000s_0001_Ellipse-1-copy.png */; };
		AE5529011B0BF12F001D9D0C /* radiostreaming_0001_Events.png in Resources */ = {isa = PBXBuildFile; fileRef = AE5528F11B0BF12F001D9D0C /* radiostreaming_0001_Events.png */; };
		AE5529021B0BF12F001D9D0C /* radiostreaming_0001s_0000_Rectangle-1.png in Resources */ = {isa = PBXBuildFile; fileRef = AE5528F21B0BF12F001D9D0C /* radiostreaming_0001s_0000_Rectangle-1.png */; };
		AE5529031B0BF12F001D9D0C /* radiostreaming_0002_Rectangle-4.png in Resources */ = {isa = PBXBuildFile; fileRef = AE5528F31B0BF12F001D9D0C /* radiostreaming_0002_Rectangle-4.png */; };
		AE5529041B0BF12F001D9D0C /* radiostreaming_0003_En-Cristo-Podemos!.png in Resources */ = {isa = PBXBuildFile; fileRef = AE5528F41B0BF12F001D9D0C /* radiostreaming_0003_En-Cristo-Podemos!.png */; };
		AE5529051B0BF12F001D9D0C /* radiostreaming_0004_RADIO-PROEZAS.png in Resources */ = {isa = PBXBuildFile; fileRef = AE5528F51B0BF12F001D9D0C /* radiostreaming_0004_RADIO-PROEZAS.png */; };
		AE5529061B0BF12F001D9D0C /* radiostreaming_0005_Rectangle-3.png in Resources */ = {isa = PBXBuildFile; fileRef = AE5528F61B0BF12F001D9D0C /* radiostreaming_0005_Rectangle-3.png */; };
		AE5529071B0BF12F001D9D0C /* radiostreaming_0006_10321209_231771047018731_3561019014082266285_o.png in Resources */ = {isa = PBXBuildFile; fileRef = AE5528F71B0BF12F001D9D0C /* radiostreaming_0006_10321209_231771047018731_3561019014082266285_o.png */; };
		AE5529081B0BF12F001D9D0C /* radiostreaming_0007_radiostreaming_0000s_0003_instagram.png in Resources */ = {isa = PBXBuildFile; fileRef = AE5528F81B0BF12F001D9D0C /* radiostreaming_0007_radiostreaming_0000s_0003_instagram.png */; };
		AE5529091B0BF12F001D9D0C /* radiostreaming_0008_radiostreaming_0000s_0002_twitter.png in Resources */ = {isa = PBXBuildFile; fileRef = AE5528F91B0BF12F001D9D0C /* radiostreaming_0008_radiostreaming_0000s_0002_twitter.png */; };
		AE55290A1B0BF12F001D9D0C /* radiostreaming_0009_radiostreaming_0000s_0001_facebook.png in Resources */ = {isa = PBXBuildFile; fileRef = AE5528FA1B0BF12F001D9D0C /* radiostreaming_0009_radiostreaming_0000s_0001_facebook.png */; };
		AE55290B1B0BF12F001D9D0C /* radiostreaming_0010_radiostreaming_0000s_0000_youtube.png in Resources */ = {isa = PBXBuildFile; fileRef = AE5528FB1B0BF12F001D9D0C /* radiostreaming_0010_radiostreaming_0000s_0000_youtube.png */; };
		AE55290C1B0BF12F001D9D0C /* radiostreaming_0011_Rectangle-2.png in Resources */ = {isa = PBXBuildFile; fileRef = AE5528FC1B0BF12F001D9D0C /* radiostreaming_0011_Rectangle-2.png */; };
		AE55290D1B0BF12F001D9D0C /* radiostreaming_0012_10321209_231771047018731_3561019014082266285_o.png in Resources */ = {isa = PBXBuildFile; fileRef = AE5528FD1B0BF12F001D9D0C /* radiostreaming_0012_10321209_231771047018731_3561019014082266285_o.png */; };
		AE55290F1B0C27A5001D9D0C /* radiostreaming_0000_today-32.png in Resources */ = {isa = PBXBuildFile; fileRef = AE55290E1B0C27A5001D9D0C /* radiostreaming_0000_today-32.png */; };
		AE5529111B0C28C9001D9D0C /* red-background-blur.jpg in Resources */ = {isa = PBXBuildFile; fileRef = AE5529101B0C28C9001D9D0C /* red-background-blur.jpg */; };
		AE5C98771AEDB8A6008593F5 /* AppDelegate.swift in Sources */ = {isa = PBXBuildFile; fileRef = AE5C98761AEDB8A6008593F5 /* AppDelegate.swift */; };
		AE5C987A1AEDB8A6008593F5 /* radiostreaming.xcdatamodeld in Sources */ = {isa = PBXBuildFile; fileRef = AE5C98781AEDB8A6008593F5 /* radiostreaming.xcdatamodeld */; };
		AE5C987C1AEDB8A6008593F5 /* ViewController.swift in Sources */ = {isa = PBXBuildFile; fileRef = AE5C987B1AEDB8A6008593F5 /* ViewController.swift */; };
		AE5C987F1AEDB8A6008593F5 /* Main.storyboard in Resources */ = {isa = PBXBuildFile; fileRef = AE5C987D1AEDB8A6008593F5 /* Main.storyboard */; };
		AE5C98811AEDB8A6008593F5 /* Images.xcassets in Resources */ = {isa = PBXBuildFile; fileRef = AE5C98801AEDB8A6008593F5 /* Images.xcassets */; };
		AE5C98841AEDB8A6008593F5 /* LaunchScreen.xib in Resources */ = {isa = PBXBuildFile; fileRef = AE5C98821AEDB8A6008593F5 /* LaunchScreen.xib */; };
		AE5C98901AEDB8A6008593F5 /* radiostreamingTests.swift in Sources */ = {isa = PBXBuildFile; fileRef = AE5C988F1AEDB8A6008593F5 /* radiostreamingTests.swift */; };
		AE5C989B1AEED8FC008593F5 /* PlayerService.swift in Sources */ = {isa = PBXBuildFile; fileRef = AE5C989A1AEED8FC008593F5 /* PlayerService.swift */; };
		AE5DFED71AEFD88B00A32EB1 /* radiostreaming_0000_background.png in Resources */ = {isa = PBXBuildFile; fileRef = AE5DFECE1AEFD88B00A32EB1 /* radiostreaming_0000_background.png */; };
		AE9591D91AFD1E30003CD36E /* OAuthService.swift in Sources */ = {isa = PBXBuildFile; fileRef = AE9591D81AFD1E30003CD36E /* OAuthService.swift */; };
		AE9591DB1AFD25C3003CD36E /* EventsController.swift in Sources */ = {isa = PBXBuildFile; fileRef = AE9591DA1AFD25C3003CD36E /* EventsController.swift */; };
		AE9591DD1AFD3A2D003CD36E /* EventsCells.swift in Sources */ = {isa = PBXBuildFile; fileRef = AE9591DC1AFD3A2D003CD36E /* EventsCells.swift */; };
/* End PBXBuildFile section */

/* Begin PBXContainerItemProxy section */
		AE5C988A1AEDB8A6008593F5 /* PBXContainerItemProxy */ = {
			isa = PBXContainerItemProxy;
			containerPortal = AE5C98691AEDB8A6008593F5 /* Project object */;
			proxyType = 1;
			remoteGlobalIDString = AE5C98701AEDB8A6008593F5;
			remoteInfo = radiostreaming;
		};
/* End PBXContainerItemProxy section */

/* Begin PBXFileReference section */
		AE385CE71B125DFF00A921EE /* radiostreaming-Bridging-Header.h */ = {isa = PBXFileReference; lastKnownFileType = sourcecode.c.h; path = "radiostreaming-Bridging-Header.h"; sourceTree = "<group>"; };
		AE385CE81B125E0000A921EE /* Reachability.h */ = {isa = PBXFileReference; fileEncoding = 4; lastKnownFileType = sourcecode.c.h; path = Reachability.h; sourceTree = "<group>"; };
		AE385CE91B125E0000A921EE /* Reachability.m */ = {isa = PBXFileReference; fileEncoding = 4; lastKnownFileType = sourcecode.c.objc; path = Reachability.m; sourceTree = "<group>"; };
		AE4E685C1B00F17000F455B4 /* PromotionService.swift */ = {isa = PBXFileReference; fileEncoding = 4; lastKnownFileType = sourcecode.swift; path = PromotionService.swift; sourceTree = "<group>"; };
		AE5528D31B06E206001D9D0C /* radiostreaming_0009_color-blurry-background.png */ = {isa = PBXFileReference; lastKnownFileType = image.png; path = "radiostreaming_0009_color-blurry-background.png"; sourceTree = "<group>"; };
		AE5528D51B06E8F9001D9D0C /* radiostreaming_0007_Ellipse-1-copy.png */ = {isa = PBXFileReference; lastKnownFileType = image.png; path = "radiostreaming_0007_Ellipse-1-copy.png"; sourceTree = "<group>"; };
		AE5528D71B07809F001D9D0C /* radiostreaming_0010_Rectangle-1.png */ = {isa = PBXFileReference; lastKnownFileType = image.png; path = "radiostreaming_0010_Rectangle-1.png"; sourceTree = "<group>"; };
		AE5528D91B07814E001D9D0C /* radiostreaming_0013_bg-darken.png */ = {isa = PBXFileReference; lastKnownFileType = image.png; path = "radiostreaming_0013_bg-darken.png"; sourceTree = "<group>"; };
		AE5528DB1B07824D001D9D0C /* radiostreaming_0002_EVENTS.png */ = {isa = PBXFileReference; lastKnownFileType = image.png; path = radiostreaming_0002_EVENTS.png; sourceTree = "<group>"; };
		AE5528DD1B078270001D9D0C /* radiostreaming_0003_today-32.png */ = {isa = PBXFileReference; lastKnownFileType = image.png; path = "radiostreaming_0003_today-32.png"; sourceTree = "<group>"; };
		AE5528DF1B078679001D9D0C /* radiostreaming_0008_Ellipse-1.png */ = {isa = PBXFileReference; lastKnownFileType = image.png; path = "radiostreaming_0008_Ellipse-1.png"; sourceTree = "<group>"; };
		AE5528E11B078DB8001D9D0C /* radiostreaming_0021_Rounded-Rectangle-1.png */ = {isa = PBXFileReference; lastKnownFileType = image.png; path = "radiostreaming_0021_Rounded-Rectangle-1.png"; sourceTree = "<group>"; };
		AE5528E31B0791C7001D9D0C /* radiostreaming_0018_Shape-1.png */ = {isa = PBXFileReference; lastKnownFileType = image.png; path = "radiostreaming_0018_Shape-1.png"; sourceTree = "<group>"; };
		AE5528E51B079546001D9D0C /* back-32.png */ = {isa = PBXFileReference; lastKnownFileType = image.png; path = "back-32.png"; sourceTree = "<group>"; };
		AE5528E71B07AC8F001D9D0C /* RadioService.swift */ = {isa = PBXFileReference; fileEncoding = 4; lastKnownFileType = sourcecode.swift; path = RadioService.swift; sourceTree = "<group>"; };
		AE5528E91B091D99001D9D0C /* introController.swift */ = {isa = PBXFileReference; fileEncoding = 4; lastKnownFileType = sourcecode.swift; path = introController.swift; sourceTree = "<group>"; };
		AE5528EB1B093722001D9D0C /* DataProviderContract.swift */ = {isa = PBXFileReference; fileEncoding = 4; lastKnownFileType = sourcecode.swift; path = DataProviderContract.swift; sourceTree = "<group>"; };
		AE5528EF1B0BF12F001D9D0C /* radiostreaming_0000s_0000_Rectangle-5-copy.png */ = {isa = PBXFileReference; lastKnownFileType = image.png; path = "radiostreaming_0000s_0000_Rectangle-5-copy.png"; sourceTree = "<group>"; };
		AE5528F01B0BF12F001D9D0C /* radiostreaming_0000s_0001_Ellipse-1-copy.png */ = {isa = PBXFileReference; lastKnownFileType = image.png; path = "radiostreaming_0000s_0001_Ellipse-1-copy.png"; sourceTree = "<group>"; };
		AE5528F11B0BF12F001D9D0C /* radiostreaming_0001_Events.png */ = {isa = PBXFileReference; lastKnownFileType = image.png; path = radiostreaming_0001_Events.png; sourceTree = "<group>"; };
		AE5528F21B0BF12F001D9D0C /* radiostreaming_0001s_0000_Rectangle-1.png */ = {isa = PBXFileReference; lastKnownFileType = image.png; path = "radiostreaming_0001s_0000_Rectangle-1.png"; sourceTree = "<group>"; };
		AE5528F31B0BF12F001D9D0C /* radiostreaming_0002_Rectangle-4.png */ = {isa = PBXFileReference; lastKnownFileType = image.png; path = "radiostreaming_0002_Rectangle-4.png"; sourceTree = "<group>"; };
		AE5528F41B0BF12F001D9D0C /* radiostreaming_0003_En-Cristo-Podemos!.png */ = {isa = PBXFileReference; lastKnownFileType = image.png; path = "radiostreaming_0003_En-Cristo-Podemos!.png"; sourceTree = "<group>"; };
		AE5528F51B0BF12F001D9D0C /* radiostreaming_0004_RADIO-PROEZAS.png */ = {isa = PBXFileReference; lastKnownFileType = image.png; path = "radiostreaming_0004_RADIO-PROEZAS.png"; sourceTree = "<group>"; };
		AE5528F61B0BF12F001D9D0C /* radiostreaming_0005_Rectangle-3.png */ = {isa = PBXFileReference; lastKnownFileType = image.png; path = "radiostreaming_0005_Rectangle-3.png"; sourceTree = "<group>"; };
		AE5528F71B0BF12F001D9D0C /* radiostreaming_0006_10321209_231771047018731_3561019014082266285_o.png */ = {isa = PBXFileReference; lastKnownFileType = image.png; path = radiostreaming_0006_10321209_231771047018731_3561019014082266285_o.png; sourceTree = "<group>"; };
		AE5528F81B0BF12F001D9D0C /* radiostreaming_0007_radiostreaming_0000s_0003_instagram.png */ = {isa = PBXFileReference; lastKnownFileType = image.png; path = radiostreaming_0007_radiostreaming_0000s_0003_instagram.png; sourceTree = "<group>"; };
		AE5528F91B0BF12F001D9D0C /* radiostreaming_0008_radiostreaming_0000s_0002_twitter.png */ = {isa = PBXFileReference; lastKnownFileType = image.png; path = radiostreaming_0008_radiostreaming_0000s_0002_twitter.png; sourceTree = "<group>"; };
		AE5528FA1B0BF12F001D9D0C /* radiostreaming_0009_radiostreaming_0000s_0001_facebook.png */ = {isa = PBXFileReference; lastKnownFileType = image.png; path = radiostreaming_0009_radiostreaming_0000s_0001_facebook.png; sourceTree = "<group>"; };
		AE5528FB1B0BF12F001D9D0C /* radiostreaming_0010_radiostreaming_0000s_0000_youtube.png */ = {isa = PBXFileReference; lastKnownFileType = image.png; path = radiostreaming_0010_radiostreaming_0000s_0000_youtube.png; sourceTree = "<group>"; };
		AE5528FC1B0BF12F001D9D0C /* radiostreaming_0011_Rectangle-2.png */ = {isa = PBXFileReference; lastKnownFileType = image.png; path = "radiostreaming_0011_Rectangle-2.png"; sourceTree = "<group>"; };
		AE5528FD1B0BF12F001D9D0C /* radiostreaming_0012_10321209_231771047018731_3561019014082266285_o.png */ = {isa = PBXFileReference; lastKnownFileType = image.png; path = radiostreaming_0012_10321209_231771047018731_3561019014082266285_o.png; sourceTree = "<group>"; };
		AE55290E1B0C27A5001D9D0C /* radiostreaming_0000_today-32.png */ = {isa = PBXFileReference; lastKnownFileType = image.png; path = "radiostreaming_0000_today-32.png"; sourceTree = "<group>"; };
		AE5529101B0C28C9001D9D0C /* red-background-blur.jpg */ = {isa = PBXFileReference; lastKnownFileType = image.jpeg; path = "red-background-blur.jpg"; sourceTree = "<group>"; };
		AE5C98711AEDB8A6008593F5 /* radiostreaming.app */ = {isa = PBXFileReference; explicitFileType = wrapper.application; includeInIndex = 0; path = radiostreaming.app; sourceTree = BUILT_PRODUCTS_DIR; };
		AE5C98751AEDB8A6008593F5 /* Info.plist */ = {isa = PBXFileReference; lastKnownFileType = text.plist.xml; path = Info.plist; sourceTree = "<group>"; };
		AE5C98761AEDB8A6008593F5 /* AppDelegate.swift */ = {isa = PBXFileReference; lastKnownFileType = sourcecode.swift; path = AppDelegate.swift; sourceTree = "<group>"; };
		AE5C98791AEDB8A6008593F5 /* radiostreaming.xcdatamodel */ = {isa = PBXFileReference; lastKnownFileType = wrapper.xcdatamodel; path = radiostreaming.xcdatamodel; sourceTree = "<group>"; };
		AE5C987B1AEDB8A6008593F5 /* ViewController.swift */ = {isa = PBXFileReference; lastKnownFileType = sourcecode.swift; path = ViewController.swift; sourceTree = "<group>"; };
		AE5C987E1AEDB8A6008593F5 /* Base */ = {isa = PBXFileReference; lastKnownFileType = file.storyboard; name = Base; path = Base.lproj/Main.storyboard; sourceTree = "<group>"; };
		AE5C98801AEDB8A6008593F5 /* Images.xcassets */ = {isa = PBXFileReference; lastKnownFileType = folder.assetcatalog; path = Images.xcassets; sourceTree = "<group>"; };
		AE5C98831AEDB8A6008593F5 /* Base */ = {isa = PBXFileReference; lastKnownFileType = file.xib; name = Base; path = Base.lproj/LaunchScreen.xib; sourceTree = "<group>"; };
		AE5C98891AEDB8A6008593F5 /* radiostreamingTests.xctest */ = {isa = PBXFileReference; explicitFileType = wrapper.cfbundle; includeInIndex = 0; path = radiostreamingTests.xctest; sourceTree = BUILT_PRODUCTS_DIR; };
		AE5C988E1AEDB8A6008593F5 /* Info.plist */ = {isa = PBXFileReference; lastKnownFileType = text.plist.xml; path = Info.plist; sourceTree = "<group>"; };
		AE5C988F1AEDB8A6008593F5 /* radiostreamingTests.swift */ = {isa = PBXFileReference; lastKnownFileType = sourcecode.swift; path = radiostreamingTests.swift; sourceTree = "<group>"; };
		AE5C989A1AEED8FC008593F5 /* PlayerService.swift */ = {isa = PBXFileReference; fileEncoding = 4; lastKnownFileType = sourcecode.swift; path = PlayerService.swift; sourceTree = "<group>"; };
		AE5DFECE1AEFD88B00A32EB1 /* radiostreaming_0000_background.png */ = {isa = PBXFileReference; lastKnownFileType = image.png; path = radiostreaming_0000_background.png; sourceTree = "<group>"; };
		AE9591D81AFD1E30003CD36E /* OAuthService.swift */ = {isa = PBXFileReference; fileEncoding = 4; lastKnownFileType = sourcecode.swift; path = OAuthService.swift; sourceTree = "<group>"; };
		AE9591DA1AFD25C3003CD36E /* EventsController.swift */ = {isa = PBXFileReference; fileEncoding = 4; lastKnownFileType = sourcecode.swift; path = EventsController.swift; sourceTree = "<group>"; };
		AE9591DC1AFD3A2D003CD36E /* EventsCells.swift */ = {isa = PBXFileReference; fileEncoding = 4; lastKnownFileType = sourcecode.swift; path = EventsCells.swift; sourceTree = "<group>"; };
/* End PBXFileReference section */

/* Begin PBXFrameworksBuildPhase section */
		AE5C986E1AEDB8A6008593F5 /* Frameworks */ = {
			isa = PBXFrameworksBuildPhase;
			buildActionMask = 2147483647;
			files = (
			);
			runOnlyForDeploymentPostprocessing = 0;
		};
		AE5C98861AEDB8A6008593F5 /* Frameworks */ = {
			isa = PBXFrameworksBuildPhase;
			buildActionMask = 2147483647;
			files = (
			);
			runOnlyForDeploymentPostprocessing = 0;
		};
/* End PBXFrameworksBuildPhase section */

/* Begin PBXGroup section */
		AE5528D21B024800001D9D0C /* contracts */ = {
			isa = PBXGroup;
			children = (
				AE5528EB1B093722001D9D0C /* DataProviderContract.swift */,
			);
			name = contracts;
			sourceTree = "<group>";
		};
		AE5528ED1B0BEA92001D9D0C /* UIFiles */ = {
			isa = PBXGroup;
			children = (
				AE5528EF1B0BF12F001D9D0C /* radiostreaming_0000s_0000_Rectangle-5-copy.png */,
				AE55290E1B0C27A5001D9D0C /* radiostreaming_0000_today-32.png */,
				AE5528F01B0BF12F001D9D0C /* radiostreaming_0000s_0001_Ellipse-1-copy.png */,
				AE5529101B0C28C9001D9D0C /* red-background-blur.jpg */,
				AE5528F11B0BF12F001D9D0C /* radiostreaming_0001_Events.png */,
				AE5528E51B079546001D9D0C /* back-32.png */,
				AE5528F31B0BF12F001D9D0C /* radiostreaming_0002_Rectangle-4.png */,
				AE5528F21B0BF12F001D9D0C /* radiostreaming_0001s_0000_Rectangle-1.png */,
				AE5528F41B0BF12F001D9D0C /* radiostreaming_0003_En-Cristo-Podemos!.png */,
				AE5528F51B0BF12F001D9D0C /* radiostreaming_0004_RADIO-PROEZAS.png */,
				AE5528F61B0BF12F001D9D0C /* radiostreaming_0005_Rectangle-3.png */,
				AE5528F71B0BF12F001D9D0C /* radiostreaming_0006_10321209_231771047018731_3561019014082266285_o.png */,
				AE5528F81B0BF12F001D9D0C /* radiostreaming_0007_radiostreaming_0000s_0003_instagram.png */,
				AE5528F91B0BF12F001D9D0C /* radiostreaming_0008_radiostreaming_0000s_0002_twitter.png */,
				AE5528DF1B078679001D9D0C /* radiostreaming_0008_Ellipse-1.png */,
				AE5528FA1B0BF12F001D9D0C /* radiostreaming_0009_radiostreaming_0000s_0001_facebook.png */,
				AE5528FB1B0BF12F001D9D0C /* radiostreaming_0010_radiostreaming_0000s_0000_youtube.png */,
				AE5528E11B078DB8001D9D0C /* radiostreaming_0021_Rounded-Rectangle-1.png */,
				AE5528FC1B0BF12F001D9D0C /* radiostreaming_0011_Rectangle-2.png */,
				AE5528FD1B0BF12F001D9D0C /* radiostreaming_0012_10321209_231771047018731_3561019014082266285_o.png */,
			);
			name = UIFiles;
			sourceTree = "<group>";
		};
		AE5C98681AEDB8A6008593F5 = {
			isa = PBXGroup;
			children = (
				AE5C98731AEDB8A6008593F5 /* radiostreaming */,
				AE5C988C1AEDB8A6008593F5 /* radiostreamingTests */,
				AE5C98721AEDB8A6008593F5 /* Products */,
				AE5C98741AEDB8A6008593F5 /* Supporting Files */,
			);
			sourceTree = "<group>";
		};
		AE5C98721AEDB8A6008593F5 /* Products */ = {
			isa = PBXGroup;
			children = (
				AE5C98711AEDB8A6008593F5 /* radiostreaming.app */,
				AE5C98891AEDB8A6008593F5 /* radiostreamingTests.xctest */,
			);
			name = Products;
			sourceTree = "<group>";
		};
		AE5C98731AEDB8A6008593F5 /* radiostreaming */ = {
			isa = PBXGroup;
			children = (
				AE5528D21B024800001D9D0C /* contracts */,
				AE5C98991AEED8E3008593F5 /* services */,
				AE5C98761AEDB8A6008593F5 /* AppDelegate.swift */,
				AE5C987B1AEDB8A6008593F5 /* ViewController.swift */,
				AE9591DA1AFD25C3003CD36E /* EventsController.swift */,
				AE5C987D1AEDB8A6008593F5 /* Main.storyboard */,
				AE5C98801AEDB8A6008593F5 /* Images.xcassets */,
				AE5C98821AEDB8A6008593F5 /* LaunchScreen.xib */,
				AE5C98781AEDB8A6008593F5 /* radiostreaming.xcdatamodeld */,
				AE9591DC1AFD3A2D003CD36E /* EventsCells.swift */,
				AE5528E91B091D99001D9D0C /* introController.swift */,
			);
			path = radiostreaming;
			sourceTree = "<group>";
		};
		AE5C98741AEDB8A6008593F5 /* Supporting Files */ = {
			isa = PBXGroup;
			children = (
				AE385CE81B125E0000A921EE /* Reachability.h */,
				AE385CE91B125E0000A921EE /* Reachability.m */,
				AE385CE71B125DFF00A921EE /* radiostreaming-Bridging-Header.h */,
				AE5528ED1B0BEA92001D9D0C /* UIFiles */,
				AE5528D31B06E206001D9D0C /* radiostreaming_0009_color-blurry-background.png */,
				AE5528D51B06E8F9001D9D0C /* radiostreaming_0007_Ellipse-1-copy.png */,
				AE5DFECE1AEFD88B00A32EB1 /* radiostreaming_0000_background.png */,
				AE5528E31B0791C7001D9D0C /* radiostreaming_0018_Shape-1.png */,
				AE5528D71B07809F001D9D0C /* radiostreaming_0010_Rectangle-1.png */,
				AE5528D91B07814E001D9D0C /* radiostreaming_0013_bg-darken.png */,
				AE5528DB1B07824D001D9D0C /* radiostreaming_0002_EVENTS.png */,
				AE5528DD1B078270001D9D0C /* radiostreaming_0003_today-32.png */,
				AE5C98751AEDB8A6008593F5 /* Info.plist */,
			);
			name = "Supporting Files";
			path = radiostreaming;
			sourceTree = "<group>";
		};
		AE5C988C1AEDB8A6008593F5 /* radiostreamingTests */ = {
			isa = PBXGroup;
			children = (
				AE5C988F1AEDB8A6008593F5 /* radiostreamingTests.swift */,
				AE5C988D1AEDB8A6008593F5 /* Supporting Files */,
			);
			path = radiostreamingTests;
			sourceTree = "<group>";
		};
		AE5C988D1AEDB8A6008593F5 /* Supporting Files */ = {
			isa = PBXGroup;
			children = (
				AE5C988E1AEDB8A6008593F5 /* Info.plist */,
			);
			name = "Supporting Files";
			sourceTree = "<group>";
		};
		AE5C98991AEED8E3008593F5 /* services */ = {
			isa = PBXGroup;
			children = (
				AE5C989A1AEED8FC008593F5 /* PlayerService.swift */,
				AE9591D81AFD1E30003CD36E /* OAuthService.swift */,
				AE4E685C1B00F17000F455B4 /* PromotionService.swift */,
				AE5528E71B07AC8F001D9D0C /* RadioService.swift */,
			);
			name = services;
			sourceTree = "<group>";
		};
/* End PBXGroup section */

/* Begin PBXNativeTarget section */
		AE5C98701AEDB8A6008593F5 /* radiostreaming */ = {
			isa = PBXNativeTarget;
			buildConfigurationList = AE5C98931AEDB8A6008593F5 /* Build configuration list for PBXNativeTarget "radiostreaming" */;
			buildPhases = (
				AE5C986D1AEDB8A6008593F5 /* Sources */,
				AE5C986E1AEDB8A6008593F5 /* Frameworks */,
				AE5C986F1AEDB8A6008593F5 /* Resources */,
			);
			buildRules = (
			);
			dependencies = (
			);
			name = radiostreaming;
			productName = radiostreaming;
			productReference = AE5C98711AEDB8A6008593F5 /* radiostreaming.app */;
			productType = "com.apple.product-type.application";
		};
		AE5C98881AEDB8A6008593F5 /* radiostreamingTests */ = {
			isa = PBXNativeTarget;
			buildConfigurationList = AE5C98961AEDB8A6008593F5 /* Build configuration list for PBXNativeTarget "radiostreamingTests" */;
			buildPhases = (
				AE5C98851AEDB8A6008593F5 /* Sources */,
				AE5C98861AEDB8A6008593F5 /* Frameworks */,
				AE5C98871AEDB8A6008593F5 /* Resources */,
			);
			buildRules = (
			);
			dependencies = (
				AE5C988B1AEDB8A6008593F5 /* PBXTargetDependency */,
			);
			name = radiostreamingTests;
			productName = radiostreamingTests;
			productReference = AE5C98891AEDB8A6008593F5 /* radiostreamingTests.xctest */;
			productType = "com.apple.product-type.bundle.unit-test";
		};
/* End PBXNativeTarget section */

/* Begin PBXProject section */
		AE5C98691AEDB8A6008593F5 /* Project object */ = {
			isa = PBXProject;
			attributes = {
				LastUpgradeCheck = 0630;
				ORGANIZATIONNAME = capitalofcode;
				TargetAttributes = {
					AE5C98701AEDB8A6008593F5 = {
						CreatedOnToolsVersion = 6.3.1;
						DevelopmentTeam = AETSD9ZCVE;
					};
					AE5C98881AEDB8A6008593F5 = {
						CreatedOnToolsVersion = 6.3.1;
						TestTargetID = AE5C98701AEDB8A6008593F5;
					};
				};
			};
			buildConfigurationList = AE5C986C1AEDB8A6008593F5 /* Build configuration list for PBXProject "radiostreaming" */;
			compatibilityVersion = "Xcode 3.2";
			developmentRegion = English;
			hasScannedForEncodings = 0;
			knownRegions = (
				en,
				Base,
			);
			mainGroup = AE5C98681AEDB8A6008593F5;
			productRefGroup = AE5C98721AEDB8A6008593F5 /* Products */;
			projectDirPath = "";
			projectRoot = "";
			targets = (
				AE5C98701AEDB8A6008593F5 /* radiostreaming */,
				AE5C98881AEDB8A6008593F5 /* radiostreamingTests */,
			);
		};
/* End PBXProject section */

/* Begin PBXResourcesBuildPhase section */
		AE5C986F1AEDB8A6008593F5 /* Resources */ = {
			isa = PBXResourcesBuildPhase;
			buildActionMask = 2147483647;
			files = (
				AE5529041B0BF12F001D9D0C /* radiostreaming_0003_En-Cristo-Podemos!.png in Resources */,
				AE5528DC1B07824D001D9D0C /* radiostreaming_0002_EVENTS.png in Resources */,
				AE5528D41B06E206001D9D0C /* radiostreaming_0009_color-blurry-background.png in Resources */,
				AE5DFED71AEFD88B00A32EB1 /* radiostreaming_0000_background.png in Resources */,
				AE5529001B0BF12F001D9D0C /* radiostreaming_0000s_0001_Ellipse-1-copy.png in Resources */,
				AE55290A1B0BF12F001D9D0C /* radiostreaming_0009_radiostreaming_0000s_0001_facebook.png in Resources */,
				AE5528D61B06E8F9001D9D0C /* radiostreaming_0007_Ellipse-1-copy.png in Resources */,
				AE5C987F1AEDB8A6008593F5 /* Main.storyboard in Resources */,
				AE55290D1B0BF12F001D9D0C /* radiostreaming_0012_10321209_231771047018731_3561019014082266285_o.png in Resources */,
				AE5528FF1B0BF12F001D9D0C /* radiostreaming_0000s_0000_Rectangle-5-copy.png in Resources */,
				AE5529071B0BF12F001D9D0C /* radiostreaming_0006_10321209_231771047018731_3561019014082266285_o.png in Resources */,
				AE55290C1B0BF12F001D9D0C /* radiostreaming_0011_Rectangle-2.png in Resources */,
				AE5529081B0BF12F001D9D0C /* radiostreaming_0007_radiostreaming_0000s_0003_instagram.png in Resources */,
				AE5528D81B07809F001D9D0C /* radiostreaming_0010_Rectangle-1.png in Resources */,
				AE5529051B0BF12F001D9D0C /* radiostreaming_0004_RADIO-PROEZAS.png in Resources */,
				AE55290F1B0C27A5001D9D0C /* radiostreaming_0000_today-32.png in Resources */,
				AE5529061B0BF12F001D9D0C /* radiostreaming_0005_Rectangle-3.png in Resources */,
				AE5528DA1B07814E001D9D0C /* radiostreaming_0013_bg-darken.png in Resources */,
				AE5528E01B078679001D9D0C /* radiostreaming_0008_Ellipse-1.png in Resources */,
				AE5528DE1B078270001D9D0C /* radiostreaming_0003_today-32.png in Resources */,
				AE5529031B0BF12F001D9D0C /* radiostreaming_0002_Rectangle-4.png in Resources */,
				AE5528E21B078DB8001D9D0C /* radiostreaming_0021_Rounded-Rectangle-1.png in Resources */,
				AE5529021B0BF12F001D9D0C /* radiostreaming_0001s_0000_Rectangle-1.png in Resources */,
				AE5528E41B0791C7001D9D0C /* radiostreaming_0018_Shape-1.png in Resources */,
				AE5C98841AEDB8A6008593F5 /* LaunchScreen.xib in Resources */,
				AE5528E61B079546001D9D0C /* back-32.png in Resources */,
				AE5529111B0C28C9001D9D0C /* red-background-blur.jpg in Resources */,
				AE5C98811AEDB8A6008593F5 /* Images.xcassets in Resources */,
				AE5529011B0BF12F001D9D0C /* radiostreaming_0001_Events.png in Resources */,
				AE55290B1B0BF12F001D9D0C /* radiostreaming_0010_radiostreaming_0000s_0000_youtube.png in Resources */,
				AE5529091B0BF12F001D9D0C /* radiostreaming_0008_radiostreaming_0000s_0002_twitter.png in Resources */,
			);
			runOnlyForDeploymentPostprocessing = 0;
		};
		AE5C98871AEDB8A6008593F5 /* Resources */ = {
			isa = PBXResourcesBuildPhase;
			buildActionMask = 2147483647;
			files = (
			);
			runOnlyForDeploymentPostprocessing = 0;
		};
/* End PBXResourcesBuildPhase section */

/* Begin PBXSourcesBuildPhase section */
		AE5C986D1AEDB8A6008593F5 /* Sources */ = {
			isa = PBXSourcesBuildPhase;
			buildActionMask = 2147483647;
			files = (
				AE5528EA1B091D99001D9D0C /* introController.swift in Sources */,
				AE9591DB1AFD25C3003CD36E /* EventsController.swift in Sources */,
				AE5C989B1AEED8FC008593F5 /* PlayerService.swift in Sources */,
				AE5528E81B07AC8F001D9D0C /* RadioService.swift in Sources */,
				AE5C987C1AEDB8A6008593F5 /* ViewController.swift in Sources */,
				AE5528EC1B093722001D9D0C /* DataProviderContract.swift in Sources */,
				AE9591DD1AFD3A2D003CD36E /* EventsCells.swift in Sources */,
				AE9591D91AFD1E30003CD36E /* OAuthService.swift in Sources */,
				AE4E685D1B00F17000F455B4 /* PromotionService.swift in Sources */,
				AE5C987A1AEDB8A6008593F5 /* radiostreaming.xcdatamodeld in Sources */,
				AE385CEA1B125E0000A921EE /* Reachability.m in Sources */,
				AE5C98771AEDB8A6008593F5 /* AppDelegate.swift in Sources */,
			);
			runOnlyForDeploymentPostprocessing = 0;
		};
		AE5C98851AEDB8A6008593F5 /* Sources */ = {
			isa = PBXSourcesBuildPhase;
			buildActionMask = 2147483647;
			files = (
				AE5C98901AEDB8A6008593F5 /* radiostreamingTests.swift in Sources */,
			);
			runOnlyForDeploymentPostprocessing = 0;
		};
/* End PBXSourcesBuildPhase section */

/* Begin PBXTargetDependency section */
		AE5C988B1AEDB8A6008593F5 /* PBXTargetDependency */ = {
			isa = PBXTargetDependency;
			target = AE5C98701AEDB8A6008593F5 /* radiostreaming */;
			targetProxy = AE5C988A1AEDB8A6008593F5 /* PBXContainerItemProxy */;
		};
/* End PBXTargetDependency section */

/* Begin PBXVariantGroup section */
		AE5C987D1AEDB8A6008593F5 /* Main.storyboard */ = {
			isa = PBXVariantGroup;
			children = (
				AE5C987E1AEDB8A6008593F5 /* Base */,
			);
			name = Main.storyboard;
			sourceTree = "<group>";
		};
		AE5C98821AEDB8A6008593F5 /* LaunchScreen.xib */ = {
			isa = PBXVariantGroup;
			children = (
				AE5C98831AEDB8A6008593F5 /* Base */,
			);
			name = LaunchScreen.xib;
			sourceTree = "<group>";
		};
/* End PBXVariantGroup section */

/* Begin XCBuildConfiguration section */
		AE385CEE1B1420D600A921EE /* Distribution */ = {
			isa = XCBuildConfiguration;
			buildSettings = {
				ALWAYS_SEARCH_USER_PATHS = NO;
				CLANG_CXX_LANGUAGE_STANDARD = "gnu++0x";
				CLANG_CXX_LIBRARY = "libc++";
				CLANG_ENABLE_MODULES = YES;
				CLANG_ENABLE_OBJC_ARC = YES;
				CLANG_WARN_BOOL_CONVERSION = YES;
				CLANG_WARN_CONSTANT_CONVERSION = YES;
				CLANG_WARN_DIRECT_OBJC_ISA_USAGE = YES_ERROR;
				CLANG_WARN_EMPTY_BODY = YES;
				CLANG_WARN_ENUM_CONVERSION = YES;
				CLANG_WARN_INT_CONVERSION = YES;
				CLANG_WARN_OBJC_ROOT_CLASS = YES_ERROR;
				CLANG_WARN_UNREACHABLE_CODE = YES;
				CLANG_WARN__DUPLICATE_METHOD_MATCH = YES;
				CODE_SIGN_IDENTITY = "iPhone Developer: Anthony Rodriguez (86A3LM62Z6)";
				"CODE_SIGN_IDENTITY[sdk=iphoneos*]" = "iPhone Developer: Anthony Rodriguez (86A3LM62Z6)";
				COPY_PHASE_STRIP = NO;
				DEBUG_INFORMATION_FORMAT = "dwarf-with-dsym";
				ENABLE_NS_ASSERTIONS = NO;
				ENABLE_STRICT_OBJC_MSGSEND = YES;
				GCC_C_LANGUAGE_STANDARD = gnu99;
				GCC_NO_COMMON_BLOCKS = YES;
				GCC_WARN_64_TO_32_BIT_CONVERSION = YES;
				GCC_WARN_ABOUT_RETURN_TYPE = YES_ERROR;
				GCC_WARN_UNDECLARED_SELECTOR = YES;
				GCC_WARN_UNINITIALIZED_AUTOS = YES_AGGRESSIVE;
				GCC_WARN_UNUSED_FUNCTION = YES;
				GCC_WARN_UNUSED_VARIABLE = YES;
				IPHONEOS_DEPLOYMENT_TARGET = 8.3;
				MTL_ENABLE_DEBUG_INFO = NO;
				SDKROOT = iphoneos;
				TARGETED_DEVICE_FAMILY = "1,2";
				VALIDATE_PRODUCT = YES;
			};
			name = Distribution;
		};
		AE385CEF1B1420D600A921EE /* Distribution */ = {
			isa = XCBuildConfiguration;
			buildSettings = {
				ASSETCATALOG_COMPILER_APPICON_NAME = AppIcon;
				CLANG_ENABLE_MODULES = YES;
				CODE_SIGN_IDENTITY = "iPhone Developer";
				"CODE_SIGN_IDENTITY[sdk=iphoneos*]" = "iPhone Developer";
				INFOPLIST_FILE = radiostreaming/Info.plist;
				LD_RUNPATH_SEARCH_PATHS = "$(inherited) @executable_path/Frameworks";
				PRODUCT_NAME = "$(TARGET_NAME)";
				PROVISIONING_PROFILE = "";
				STRIP_INSTALLED_PRODUCT = YES;
				SWIFT_OBJC_BRIDGING_HEADER = "radiostreaming/radiostreaming-Bridging-Header.h";
				TARGETED_DEVICE_FAMILY = "1,2";
			};
			name = Distribution;
		};
		AE385CF01B1420D600A921EE /* Distribution */ = {
			isa = XCBuildConfiguration;
			buildSettings = {
				BUNDLE_LOADER = "$(TEST_HOST)";
				FRAMEWORK_SEARCH_PATHS = (
					"$(SDKROOT)/Developer/Library/Frameworks",
					"$(inherited)",
				);
				INFOPLIST_FILE = radiostreamingTests/Info.plist;
				LD_RUNPATH_SEARCH_PATHS = "$(inherited) @executable_path/Frameworks @loader_path/Frameworks";
				PRODUCT_NAME = "$(TARGET_NAME)";
				TEST_HOST = "$(BUILT_PRODUCTS_DIR)/radiostreaming.app/radiostreaming";
			};
			name = Distribution;
		};
		AE5C98911AEDB8A6008593F5 /* Debug */ = {
			isa = XCBuildConfiguration;
			buildSettings = {
				ALWAYS_SEARCH_USER_PATHS = NO;
				CLANG_CXX_LANGUAGE_STANDARD = "gnu++0x";
				CLANG_CXX_LIBRARY = "libc++";
				CLANG_ENABLE_MODULES = YES;
				CLANG_ENABLE_OBJC_ARC = YES;
				CLANG_WARN_BOOL_CONVERSION = YES;
				CLANG_WARN_CONSTANT_CONVERSION = YES;
				CLANG_WARN_DIRECT_OBJC_ISA_USAGE = YES_ERROR;
				CLANG_WARN_EMPTY_BODY = YES;
				CLANG_WARN_ENUM_CONVERSION = YES;
				CLANG_WARN_INT_CONVERSION = YES;
				CLANG_WARN_OBJC_ROOT_CLASS = YES_ERROR;
				CLANG_WARN_UNREACHABLE_CODE = YES;
				CLANG_WARN__DUPLICATE_METHOD_MATCH = YES;
				CODE_SIGN_IDENTITY = "iPhone Developer: Anthony Rodriguez (86A3LM62Z6)";
				"CODE_SIGN_IDENTITY[sdk=iphoneos*]" = "iPhone Developer: Anthony Rodriguez (86A3LM62Z6)";
				COPY_PHASE_STRIP = NO;
				DEBUG_INFORMATION_FORMAT = "dwarf-with-dsym";
				ENABLE_STRICT_OBJC_MSGSEND = YES;
				GCC_C_LANGUAGE_STANDARD = gnu99;
				GCC_DYNAMIC_NO_PIC = NO;
				GCC_NO_COMMON_BLOCKS = YES;
				GCC_OPTIMIZATION_LEVEL = 0;
				GCC_PREPROCESSOR_DEFINITIONS = (
					"DEBUG=1",
					"$(inherited)",
				);
				GCC_SYMBOLS_PRIVATE_EXTERN = NO;
				GCC_WARN_64_TO_32_BIT_CONVERSION = YES;
				GCC_WARN_ABOUT_RETURN_TYPE = YES_ERROR;
				GCC_WARN_UNDECLARED_SELECTOR = YES;
				GCC_WARN_UNINITIALIZED_AUTOS = YES_AGGRESSIVE;
				GCC_WARN_UNUSED_FUNCTION = YES;
				GCC_WARN_UNUSED_VARIABLE = YES;
				IPHONEOS_DEPLOYMENT_TARGET = 8.3;
				MTL_ENABLE_DEBUG_INFO = YES;
				ONLY_ACTIVE_ARCH = YES;
				SDKROOT = iphoneos;
				SWIFT_OPTIMIZATION_LEVEL = "-Onone";
				TARGETED_DEVICE_FAMILY = "1,2";
			};
			name = Debug;
		};
		AE5C98921AEDB8A6008593F5 /* Release */ = {
			isa = XCBuildConfiguration;
			buildSettings = {
				ALWAYS_SEARCH_USER_PATHS = NO;
				CLANG_CXX_LANGUAGE_STANDARD = "gnu++0x";
				CLANG_CXX_LIBRARY = "libc++";
				CLANG_ENABLE_MODULES = YES;
				CLANG_ENABLE_OBJC_ARC = YES;
				CLANG_WARN_BOOL_CONVERSION = YES;
				CLANG_WARN_CONSTANT_CONVERSION = YES;
				CLANG_WARN_DIRECT_OBJC_ISA_USAGE = YES_ERROR;
				CLANG_WARN_EMPTY_BODY = YES;
				CLANG_WARN_ENUM_CONVERSION = YES;
				CLANG_WARN_INT_CONVERSION = YES;
				CLANG_WARN_OBJC_ROOT_CLASS = YES_ERROR;
				CLANG_WARN_UNREACHABLE_CODE = YES;
				CLANG_WARN__DUPLICATE_METHOD_MATCH = YES;
				CODE_SIGN_IDENTITY = "iPhone Developer: Anthony Rodriguez (86A3LM62Z6)";
				"CODE_SIGN_IDENTITY[sdk=iphoneos*]" = "iPhone Developer: Anthony Rodriguez (86A3LM62Z6)";
				COPY_PHASE_STRIP = NO;
				DEBUG_INFORMATION_FORMAT = "dwarf-with-dsym";
				ENABLE_NS_ASSERTIONS = NO;
				ENABLE_STRICT_OBJC_MSGSEND = YES;
				GCC_C_LANGUAGE_STANDARD = gnu99;
				GCC_NO_COMMON_BLOCKS = YES;
				GCC_WARN_64_TO_32_BIT_CONVERSION = YES;
				GCC_WARN_ABOUT_RETURN_TYPE = YES_ERROR;
				GCC_WARN_UNDECLARED_SELECTOR = YES;
				GCC_WARN_UNINITIALIZED_AUTOS = YES_AGGRESSIVE;
				GCC_WARN_UNUSED_FUNCTION = YES;
				GCC_WARN_UNUSED_VARIABLE = YES;
				IPHONEOS_DEPLOYMENT_TARGET = 8.3;
				MTL_ENABLE_DEBUG_INFO = NO;
				SDKROOT = iphoneos;
				TARGETED_DEVICE_FAMILY = "1,2";
				VALIDATE_PRODUCT = YES;
			};
			name = Release;
		};
		AE5C98941AEDB8A6008593F5 /* Debug */ = {
			isa = XCBuildConfiguration;
			buildSettings = {
				ASSETCATALOG_COMPILER_APPICON_NAME = AppIcon;
				CLANG_ENABLE_MODULES = YES;
				CODE_SIGN_IDENTITY = "iPhone Developer";
				"CODE_SIGN_IDENTITY[sdk=iphoneos*]" = "iPhone Developer";
				INFOPLIST_FILE = radiostreaming/Info.plist;
				LD_RUNPATH_SEARCH_PATHS = "$(inherited) @executable_path/Frameworks";
				PRODUCT_NAME = "$(TARGET_NAME)";
				PROVISIONING_PROFILE = "";
				STRIP_INSTALLED_PRODUCT = YES;
				SWIFT_OBJC_BRIDGING_HEADER = "radiostreaming/radiostreaming-Bridging-Header.h";
				SWIFT_OPTIMIZATION_LEVEL = "-Onone";
				TARGETED_DEVICE_FAMILY = "1,2";
			};
			name = Debug;
		};
		AE5C98951AEDB8A6008593F5 /* Release */ = {
			isa = XCBuildConfiguration;
			buildSettings = {
				ASSETCATALOG_COMPILER_APPICON_NAME = AppIcon;
				CLANG_ENABLE_MODULES = YES;
				CODE_SIGN_IDENTITY = "iPhone Developer";
				"CODE_SIGN_IDENTITY[sdk=iphoneos*]" = "iPhone Developer";
				INFOPLIST_FILE = radiostreaming/Info.plist;
				LD_RUNPATH_SEARCH_PATHS = "$(inherited) @executable_path/Frameworks";
				PRODUCT_NAME = "$(TARGET_NAME)";
				PROVISIONING_PROFILE = "";
				STRIP_INSTALLED_PRODUCT = YES;
				SWIFT_OBJC_BRIDGING_HEADER = "radiostreaming/radiostreaming-Bridging-Header.h";
				TARGETED_DEVICE_FAMILY = "1,2";
			};
			name = Release;
		};
		AE5C98971AEDB8A6008593F5 /* Debug */ = {
			isa = XCBuildConfiguration;
			buildSettings = {
				BUNDLE_LOADER = "$(TEST_HOST)";
				FRAMEWORK_SEARCH_PATHS = (
					"$(SDKROOT)/Developer/Library/Frameworks",
					"$(inherited)",
				);
				GCC_PREPROCESSOR_DEFINITIONS = (
					"DEBUG=1",
					"$(inherited)",
				);
				INFOPLIST_FILE = radiostreamingTests/Info.plist;
				LD_RUNPATH_SEARCH_PATHS = "$(inherited) @executable_path/Frameworks @loader_path/Frameworks";
				PRODUCT_NAME = "$(TARGET_NAME)";
				TEST_HOST = "$(BUILT_PRODUCTS_DIR)/radiostreaming.app/radiostreaming";
			};
			name = Debug;
		};
		AE5C98981AEDB8A6008593F5 /* Release */ = {
			isa = XCBuildConfiguration;
			buildSettings = {
				BUNDLE_LOADER = "$(TEST_HOST)";
				FRAMEWORK_SEARCH_PATHS = (
					"$(SDKROOT)/Developer/Library/Frameworks",
					"$(inherited)",
				);
				INFOPLIST_FILE = radiostreamingTests/Info.plist;
				LD_RUNPATH_SEARCH_PATHS = "$(inherited) @executable_path/Frameworks @loader_path/Frameworks";
				PRODUCT_NAME = "$(TARGET_NAME)";
				TEST_HOST = "$(BUILT_PRODUCTS_DIR)/radiostreaming.app/radiostreaming";
			};
			name = Release;
		};
/* End XCBuildConfiguration section */

/* Begin XCConfigurationList section */
		AE5C986C1AEDB8A6008593F5 /* Build configuration list for PBXProject "radiostreaming" */ = {
			isa = XCConfigurationList;
			buildConfigurations = (
				AE5C98911AEDB8A6008593F5 /* Debug */,
				AE5C98921AEDB8A6008593F5 /* Release */,
				AE385CEE1B1420D600A921EE /* Distribution */,
			);
			defaultConfigurationIsVisible = 0;
			defaultConfigurationName = Release;
		};
		AE5C98931AEDB8A6008593F5 /* Build configuration list for PBXNativeTarget "radiostreaming" */ = {
			isa = XCConfigurationList;
			buildConfigurations = (
				AE5C98941AEDB8A6008593F5 /* Debug */,
				AE5C98951AEDB8A6008593F5 /* Release */,
				AE385CEF1B1420D600A921EE /* Distribution */,
			);
			defaultConfigurationIsVisible = 0;
			defaultConfigurationName = Release;
		};
		AE5C98961AEDB8A6008593F5 /* Build configuration list for PBXNativeTarget "radiostreamingTests" */ = {
			isa = XCConfigurationList;
			buildConfigurations = (
				AE5C98971AEDB8A6008593F5 /* Debug */,
				AE5C98981AEDB8A6008593F5 /* Release */,
				AE385CF01B1420D600A921EE /* Distribution */,
			);
			defaultConfigurationIsVisible = 0;
			defaultConfigurationName = Release;
		};
/* End XCConfigurationList section */

/* Begin XCVersionGroup section */
		AE5C98781AEDB8A6008593F5 /* radiostreaming.xcdatamodeld */ = {
			isa = XCVersionGroup;
			children = (
				AE5C98791AEDB8A6008593F5 /* radiostreaming.xcdatamodel */,
			);
			currentVersion = AE5C98791AEDB8A6008593F5 /* radiostreaming.xcdatamodel */;
			path = radiostreaming.xcdatamodeld;
			sourceTree = "<group>";
			versionGroupType = wrapper.xcdatamodel;
		};
/* End XCVersionGroup section */
	};
	rootObject = AE5C98691AEDB8A6008593F5 /* Project object */;
}
